{
  "lockfileVersion": 1,
  "configVersion": 1,
  "workspaces": {
    "": {
      "name": "@pasarguard/core-kit",
      "dependencies": {
        "@pasarguard/wireguard-config-kit": "0.1.0",
        "@pasarguard/xray-config-kit": "0.2.2",
      },
      "devDependencies": {
        "@types/bun": "^1.3.9",
        "typescript": "^5.5.4",
      },
    },
  },
  "packages": {
    "@noble/curves": ["@noble/curves@2.0.1", "", { "dependencies": { "@noble/hashes": "2.0.1" } }, "sha512-vs1Az2OOTBiP4q0pwjW5aF0xp9n4MxVrmkFBxc6EKZc6ddYx5gaZiAsZoq0uRRXWbi3AT/sBqn05eRPtn1JCPw=="],

    "@noble/hashes": ["@noble/hashes@2.0.1", "", {}, "sha512-XlOlEbQcE9fmuXxrVTXCTlG2nlRXa9Rj3rr5Ue/+tX+nmkgbX720YHh0VR3hBF9xDvwnb8D2shVGOwNx+ulArw=="],

    "@noble/post-quantum": ["@noble/post-quantum@0.5.4", "", { "dependencies": { "@noble/curves": "~2.0.0", "@noble/hashes": "~2.0.0" } }, "sha512-leww0zzIirrvwaYMPI9fj6aRIlA/c6Y0/lifQQ1YOOyHEr0MNH3yYpjXeiVG+tWdPps4XxGclFWX2INPO3Yo5w=="],

    "@pasarguard/wireguard-config-kit": ["@pasarguard/wireguard-config-kit@0.1.0", "", { "dependencies": { "@stablelib/x25519": "^2.0.1", "zod": "^3.25.76" } }, "sha512-vC4ULRfrgsN+W9mFLHFkr74G+6yPmMtxj1/1ZjIwulHPeQ5qHVGA0ed1vSMxL9f722rmV3jj/eMeRQCasGJsrw=="],

    "@pasarguard/xray-config-kit": ["@pasarguard/xray-config-kit@0.2.2", "", { "dependencies": { "@noble/post-quantum": "^0.5.4", "@stablelib/x25519": "^2.0.1", "mlkem": "^2.7.0", "zod": "^3.23.8", "zod-to-json-schema": "^3.25.2" } }, "sha512-Bg5fG2SmJlNWe5t3XWGUx0GOB47/D459Ffsbwt/5JQeYqo9Gnn/zF7FEcwVEW22g7731V3QAtNqQeKWvGlZhLQ=="],

    "@stablelib/binary": ["@stablelib/binary@2.0.1", "", { "dependencies": { "@stablelib/int": "^2.0.1" } }, "sha512-U9iAO8lXgEDONsA0zPPSgcf3HUBNAqHiJmSHgZz62OvC3Hi2Bhc5kTnQ3S1/L+sthDTHtCMhcEiklmIly6uQ3w=="],

    "@stablelib/bytes": ["@stablelib/bytes@2.0.1", "", {}, "sha512-QIzI6V7nkJA5CjOZ7GoceBd4CIKrJoC471VaI6jh1xPQ2cMhkhQK4HddyzCXOR2y+fBF3/5B2HO3FXXI9C+Xzg=="],

    "@stablelib/int": ["@stablelib/int@2.0.1", "", {}, "sha512-Ht63fQp3wz/F8U4AlXEPb7hfJOIILs8Lq55jgtD7KueWtyjhVuzcsGLSTAWtZs3XJDZYdF1WcSKn+kBtbzupww=="],

    "@stablelib/keyagreement": ["@stablelib/keyagreement@2.0.1", "", { "dependencies": { "@stablelib/bytes": "^2.0.1" } }, "sha512-2+tWBLCMtWlHQ7GqjD5L+lQRyWtun4Lou0IOdTML8zuTuAS0EgihnHFx+4uMZwYU1In40J/WlpyKSLidHfStRQ=="],

    "@stablelib/random": ["@stablelib/random@2.0.1", "", { "dependencies": { "@stablelib/binary": "^2.0.1", "@stablelib/wipe": "^2.0.1" } }, "sha512-W6GAtXEEs7r+dSbuBsvoFmlyL3gLxle41tQkjKu17dDWtDdjhVUbtRfRCQcCUeczwkgjQxMPopgwYEvxXtHXGw=="],

    "@stablelib/wipe": ["@stablelib/wipe@2.0.1", "", {}, "sha512-1eU2K9EgOcV4qc9jcP6G72xxZxEm5PfeI5H55l08W95b4oRJaqhmlWRc4xZAm6IVSKhVNxMi66V67hCzzuMTAg=="],

    "@stablelib/x25519": ["@stablelib/x25519@2.0.1", "", { "dependencies": { "@stablelib/keyagreement": "^2.0.1", "@stablelib/random": "^2.0.1", "@stablelib/wipe": "^2.0.1" } }, "sha512-qi04HS2puHaBf50kM/kes5QcZFGsx8yF0YmCjLCOa/LPmnBaKEKX9ZR82OnnCwMn72YH13R/bBZgr/UP0aPFfA=="],

    "@types/bun": ["@types/bun@1.3.13", "", { "dependencies": { "bun-types": "1.3.13" } }, "sha512-9fqXWk5YIHGGnUau9TEi+qdlTYDAnOj+xLCmSTwXfAIqXr2x4tytJb43E9uCvt09zJURKXwAtkoH4nLQfzeTXw=="],

    "@types/node": ["@types/node@25.6.2", "", { "dependencies": { "undici-types": "~7.19.0" } }, "sha512-sokuT28dxf9JT5Kady1fsXOvI4HVpjZa95NKT5y9PNTIrs2AsobR4GFAA90ZG8M+nxVRLysCXsVj6eGC7Vbrlw=="],

    "bun-types": ["bun-types@1.3.13", "", { "dependencies": { "@types/node": "*" } }, "sha512-QXKeHLlOLqQX9LgYaHJfzdBaV21T63HhFJnvuRCcjZiaUDpbs5ED1MgxbMra71CsryN/1dAoXuJJJwIv/2drVA=="],

    "mlkem": ["mlkem@2.7.0", "", {}, "sha512-I2bcB5d6jtkdan6MLGOxObpUbidqv0ej+PhbCGnXUqmcGYZ6X8F0qBpU6HE4mvYc81NSznBrVDp+Uc808Ba2RA=="],

    "typescript": ["typescript@5.9.3", "", { "bin": { "tsc": "bin/tsc", "tsserver": "bin/tsserver" } }, "sha512-jl1vZzPDinLr9eUt3J/t7V6FgNEw9QjvBPdysz9KfQDD41fQrC2Y4vKQdiaUpFT4bXlb1RHhLpp8wtm6M5TgSw=="],

    "undici-types": ["undici-types@7.19.2", "", {}, "sha512-qYVnV5OEm2AW8cJMCpdV20CDyaN3g0AjDlOGf1OW4iaDEx8MwdtChUp4zu4H0VP3nDRF/8RKWH+IPp9uW0YGZg=="],

    "zod": ["zod@3.25.76", "", {}, "sha512-gzUt/qt81nXsFGKIFcC3YnfEAx5NkunCfnDlvuBSSFS02bcXu4Lmea0AFIUwbLWxWPx3d9p8S5QoaujKcNQxcQ=="],

    "zod-to-json-schema": ["zod-to-json-schema@3.25.2", "", { "peerDependencies": { "zod": "^3.25.28 || ^4" } }, "sha512-O/PgfnpT1xKSDeQYSCfRI5Gy3hPf91mKVDuYLUHZJMiDFptvP41MSnWofm8dnCm0256ZNfZIM7DSzuSMAFnjHA=="],
  }
}
